
Microsoft Visual Studio Solution File, Format Version 12.00
# Visual Studio Version 17
VisualStudioVersion = 17.14.36202.13 d17.14
MinimumVisualStudioVersion = 10.0.40219.1
Project("{FAE04EC0-301F-11D3-BF4B-00C04F79EFBC}") = "HUEVID_ArtGalleryForColorblind", "HUEVID_ArtGalleryForColorblind\HUEVID_ArtGalleryForColorblind.csproj", "{20EB17E4-DF6A-425C-BDE4-3EDF74065F1F}"
EndProject
Global
	GlobalSection(SolutionConfigurationPlatforms) = preSolution
		Debug|Any CPU = Debug|Any CPU
		Release|Any CPU = Release|Any CPU
	EndGlobalSection
	GlobalSection(ProjectConfigurationPlatforms) = postSolution
		{20EB17E4-DF6A-425C-BDE4-3EDF74065F1F}.Debug|Any CPU.ActiveCfg = Debug|Any CPU
		{20EB17E4-DF6A-425C-BDE4-3EDF74065F1F}.Debug|Any CPU.Build.0 = Debug|Any CPU
		{20EB17E4-DF6A-425C-BDE4-3EDF74065F1F}.Release|Any CPU.ActiveCfg = Release|Any CPU
		{20EB17E4-DF6A-425C-BDE4-3EDF74065F1F}.Release|Any CPU.Build.0 = Release|Any CPU
	EndGlobalSection
	GlobalSection(SolutionProperties) = preSolution
		HideSolutionNode = FALSE
	EndGlobalSection
	GlobalSection(ExtensibilityGlobals) = postSolution
		SolutionGuid = {684DC409-5A1C-41C2-A50B-7F3BE58436DA}
	EndGlobalSection
EndGlobal
